<?xml version="1.0" encoding="utf-8"?>
<Project ToolsVersion="4.0" xmlns="http://schemas.microsoft.com/developer/msbuild/2003">
  <ItemGroup>
    <Filter Include="Source Files">
      <UniqueIdentifier>{4FC737F1-C7A5-4376-A066-2A32D752A2FF}</UniqueIdentifier>
      <Extensions>cpp;c;cc;cxx;c++;cppm;ixx;def;odl;idl;hpj;bat;asm;asmx</Extensions>
    </Filter>
    <Filter Include="Header Files">
      <UniqueIdentifier>{93995380-89BD-4b04-88EB-625FBE52EBFB}</UniqueIdentifier>
      <Extensions>h;hh;hpp;hxx;h++;hm;inl;inc;ipp;xsd</Extensions>
    </Filter>
    <Filter Include="Resource Files">
      <UniqueIdentifier>{67DA6AB6-F800-4c08-8B7A-83BB121AAD01}</UniqueIdentifier>
      <Extensions>rc;ico;cur;bmp;dlg;rc2;rct;bin;rgs;gif;jpg;jpeg;jpe;resx;tiff;tif;png;wav;mfcribbon-ms</Extensions>
    </Filter>
    <Filter Include="Header Files\gcl">
      <UniqueIdentifier>{aec1746b-24b0-4618-829a-35076dd8adf6}</UniqueIdentifier>
    </Filter>
    <Filter Include="Header Files\gcl\pattern">
      <UniqueIdentifier>{a31ebfa0-6428-4e6e-b41d-be82cc812f13}</UniqueIdentifier>
    </Filter>
    <Filter Include="Header Files\gcl\mp">
      <UniqueIdentifier>{952c4e5e-727b-4fd0-87cb-0667010737c1}</UniqueIdentifier>
    </Filter>
    <Filter Include="Header Files\gcl\cx">
      <UniqueIdentifier>{66ed6755-f6b4-4187-8498-b791f5619088}</UniqueIdentifier>
    </Filter>
    <Filter Include="Header Files\gcl\container">
      <UniqueIdentifier>{f43f6203-2b39-47c4-a3bc-f047dab7c352}</UniqueIdentifier>
    </Filter>
    <Filter Include="Header Files\test">
      <UniqueIdentifier>{84fcf8d2-576b-4935-88e1-da69a7d1cb70}</UniqueIdentifier>
    </Filter>
  </ItemGroup>
  <ItemGroup>
    <ClInclude Include="test\gcl\test\container\component_aggregator.hpp">
      <Filter>Header Files\test</Filter>
    </ClInclude>
    <ClInclude Include="test\gcl\test\container\entity_vector.hpp">
      <Filter>Header Files\test</Filter>
    </ClInclude>
    <ClInclude Include="test\gcl\test\container\polymorphic_reference.hpp">
      <Filter>Header Files\test</Filter>
    </ClInclude>
    <ClInclude Include="test\gcl\test\container\polymorphic_vector.hpp">
      <Filter>Header Files\test</Filter>
    </ClInclude>
    <ClInclude Include="test\gcl\test\pattern\ecs.hpp">
      <Filter>Header Files\test</Filter>
    </ClInclude>
    <ClInclude Include="test\gcl\test\container.hpp">
      <Filter>Header Files\test</Filter>
    </ClInclude>
    <ClInclude Include="test\gcl\test\event.hpp">
      <Filter>Header Files\test</Filter>
    </ClInclude>
    <ClInclude Include="test\gcl\test\gcl.hpp">
      <Filter>Header Files\test</Filter>
    </ClInclude>
    <ClInclude Include="test\gcl\test\introspection.hpp">
      <Filter>Header Files\test</Filter>
    </ClInclude>
    <ClInclude Include="test\gcl\test\mp.hpp">
      <Filter>Header Files\test</Filter>
    </ClInclude>
    <ClInclude Include="test\gcl\test\pattern.hpp">
      <Filter>Header Files\test</Filter>
    </ClInclude>
    <ClInclude Include="test\gcl\test\test.hpp">
      <Filter>Header Files\test</Filter>
    </ClInclude>
    <ClInclude Include="test\gcl\test\type_index.hpp">
      <Filter>Header Files\test</Filter>
    </ClInclude>
    <ClInclude Include="test\gcl\test\type_info.hpp">
      <Filter>Header Files\test</Filter>
    </ClInclude>
    <ClInclude Include="includes\gcl\functional.hpp">
      <Filter>Header Files\gcl</Filter>
    </ClInclude>
    <ClInclude Include="includes\gcl\serialization.hpp">
      <Filter>Header Files\gcl</Filter>
    </ClInclude>
    <ClInclude Include="includes\gcl\pattern\ecs.hpp">
      <Filter>Header Files\gcl\pattern</Filter>
    </ClInclude>
    <ClInclude Include="includes\gcl\mp\function_traits.hpp">
      <Filter>Header Files\gcl\mp</Filter>
    </ClInclude>
    <ClInclude Include="includes\gcl\mp\tuple_utils.hpp">
      <Filter>Header Files\gcl\mp</Filter>
    </ClInclude>
    <ClInclude Include="includes\gcl\mp\type_traits.hpp">
      <Filter>Header Files\gcl\mp</Filter>
    </ClInclude>
    <ClInclude Include="includes\gcl\mp\typeinfo.hpp">
      <Filter>Header Files\gcl\mp</Filter>
    </ClInclude>
    <ClInclude Include="includes\gcl\cx\crc32_hash.hpp">
      <Filter>Header Files\gcl\cx</Filter>
    </ClInclude>
  </ItemGroup>
  <ItemGroup>
    <ClCompile Include="test\Main.cpp">
      <Filter>Source Files</Filter>
    </ClCompile>
  </ItemGroup>
</Project>