
Microsoft Visual Studio Solution File, Format Version 12.00
# Visual Studio Version 16
VisualStudioVersion = 16.0.30804.86
MinimumVisualStudioVersion = 10.0.40219.1
Project("{8BC9CEB8-8B4A-11D0-8D11-00A0C91BC942}") = "GCL_CPP", "GCL_CPP.vcxproj", "{7D0A45A0-457D-4DDC-85BB-1ADC4522A653}"
EndProject
Global
	GlobalSection(SolutionConfigurationPlatforms) = preSolution
		Debug|x64 = Debug|x64
		Debug|x86 = Debug|x86
		Release|x64 = Release|x64
		Release|x86 = Release|x86
	EndGlobalSection
	GlobalSection(ProjectConfigurationPlatforms) = postSolution
		{7D0A45A0-457D-4DDC-85BB-1ADC4522A653}.Debug|x64.ActiveCfg = Debug|x64
		{7D0A45A0-457D-4DDC-85BB-1ADC4522A653}.Debug|x64.Build.0 = Debug|x64
		{7D0A45A0-457D-4DDC-85BB-1ADC4522A653}.Debug|x86.ActiveCfg = Debug|Win32
		{7D0A45A0-457D-4DDC-85BB-1ADC4522A653}.Debug|x86.Build.0 = Debug|Win32
		{7D0A45A0-457D-4DDC-85BB-1ADC4522A653}.Release|x64.ActiveCfg = Release|x64
		{7D0A45A0-457D-4DDC-85BB-1ADC4522A653}.Release|x64.Build.0 = Release|x64
		{7D0A45A0-457D-4DDC-85BB-1ADC4522A653}.Release|x86.ActiveCfg = Release|Win32
		{7D0A45A0-457D-4DDC-85BB-1ADC4522A653}.Release|x86.Build.0 = Release|Win32
	EndGlobalSection
	GlobalSection(SolutionProperties) = preSolution
		HideSolutionNode = FALSE
	EndGlobalSection
	GlobalSection(ExtensibilityGlobals) = postSolution
		SolutionGuid = {936D6F6A-8EC1-4CF0-A70E-28F052AECBA4}
	EndGlobalSection
EndGlobal
