
Microsoft Visual Studio Solution File, Format Version 12.00
# Visual Studio 2013
VisualStudioVersion = 12.0.30501.0
MinimumVisualStudioVersion = 10.0.40219.1
Project("{8BC9CEB8-8B4A-11D0-8D11-00A0C91BC942}") = "GCL_CPP", "GCL_CPP\GCL_CPP.vcxproj", "{F2C07C35-CCAD-4BC1-8BE5-DA2D92E794FB}"
EndProject
Global
	GlobalSection(SolutionConfigurationPlatforms) = preSolution
		Debug|Win32 = Debug|Win32
		Release|Win32 = Release|Win32
	EndGlobalSection
	GlobalSection(ProjectConfigurationPlatforms) = postSolution
		{F2C07C35-CCAD-4BC1-8BE5-DA2D92E794FB}.Debug|Win32.ActiveCfg = Debug|Win32
		{F2C07C35-CCAD-4BC1-8BE5-DA2D92E794FB}.Debug|Win32.Build.0 = Debug|Win32
		{F2C07C35-CCAD-4BC1-8BE5-DA2D92E794FB}.Release|Win32.ActiveCfg = Release|Win32
		{F2C07C35-CCAD-4BC1-8BE5-DA2D92E794FB}.Release|Win32.Build.0 = Release|Win32
	EndGlobalSection
	GlobalSection(SolutionProperties) = preSolution
		HideSolutionNode = FALSE
	EndGlobalSection
EndGlobal
